{
  "version": 4,
  "terraform_version": "1.12.2",
  "serial": 8,
  "lineage": "d37e178d-1d84-5a69-f3ef-0e86adfc62c6",
  "outputs": {},
  "resources": [
    {
      "module": "module.public_ip",
      "mode": "managed",
      "type": "azurerm_public_ip",
      "name": "pip",
      "provider": "provider[\"registry.terraform.io/hashicorp/azurerm\"]",
      "instances": [
        {
          "index_key": "pip1",
          "schema_version": 0,
          "attributes": {
            "allocation_method": "Static",
            "ddos_protection_mode": "VirtualNetworkInherited",
            "ddos_protection_plan_id": null,
            "domain_name_label": null,
            "domain_name_label_scope": null,
            "edge_zone": "",
            "fqdn": null,
            "id": "/subscriptions/4a56d5b3-94c0-47a0-ab55-850ee42f58bd/resourceGroups/dev-rg1/providers/Microsoft.Network/publicIPAddresses/dev-pip1",
            "idle_timeout_in_minutes": 4,
            "ip_address": "74.225.141.225",
            "ip_tags": null,
            "ip_version": "IPv4",
            "location": "centralindia",
            "name": "dev-pip1",
            "public_ip_prefix_id": null,
            "resource_group_name": "dev-rg1",
            "reverse_fqdn": null,
            "sku": "Standard",
            "sku_tier": "Regional",
            "tags": null,
            "timeouts": null,
            "zones": null
          },
          "sensitive_attributes": [],
          "identity_schema_version": 0,
          "private": "eyJlMmJmYjczMC1lY2FhLTExZTYtOGY4OC0zNDM2M2JjN2M0YzAiOnsiY3JlYXRlIjoxODAwMDAwMDAwMDAwLCJkZWxldGUiOjE4MDAwMDAwMDAwMDAsInJlYWQiOjMwMDAwMDAwMDAwMCwidXBkYXRlIjoxODAwMDAwMDAwMDAwfX0=",
          "dependencies": [
            "module.resource_group.azurerm_resource_group.rgs"
          ]
        }
      ]
    },
    {
      "module": "module.resource_group",
      "mode": "managed",
      "type": "azurerm_resource_group",
      "name": "rgs",
      "provider": "provider[\"registry.terraform.io/hashicorp/azurerm\"]",
      "instances": [
        {
          "index_key": "rg1",
          "schema_version": 0,
          "attributes": {
            "id": "/subscriptions/4a56d5b3-94c0-47a0-ab55-850ee42f58bd/resourceGroups/dev-rg1",
            "location": "centralindia",
            "managed_by": "",
            "name": "dev-rg1",
            "tags": {
              "credit_limits": "5$",
              "owner": "terraform"
            },
            "timeouts": null
          },
          "sensitive_attributes": [],
          "identity_schema_version": 0,
          "private": "eyJlMmJmYjczMC1lY2FhLTExZTYtOGY4OC0zNDM2M2JjN2M0YzAiOnsiY3JlYXRlIjo1NDAwMDAwMDAwMDAwLCJkZWxldGUiOjU0MDAwMDAwMDAwMDAsInJlYWQiOjMwMDAwMDAwMDAwMCwidXBkYXRlIjo1NDAwMDAwMDAwMDAwfX0="
        }
      ]
    },
    {
      "module": "module.virtual_machine",
      "mode": "data",
      "type": "azurerm_public_ip",
      "name": "datapip",
      "provider": "provider[\"registry.terraform.io/hashicorp/azurerm\"]",
      "instances": [
        {
          "index_key": "vm1",
          "schema_version": 0,
          "attributes": {
            "allocation_method": "Static",
            "ddos_protection_mode": "VirtualNetworkInherited",
            "ddos_protection_plan_id": null,
            "domain_name_label": "",
            "fqdn": "",
            "id": "/subscriptions/4a56d5b3-94c0-47a0-ab55-850ee42f58bd/resourceGroups/dev-rg1/providers/Microsoft.Network/publicIPAddresses/dev-pip1",
            "idle_timeout_in_minutes": 4,
            "ip_address": "74.225.141.225",
            "ip_tags": {},
            "ip_version": "IPv4",
            "location": "centralindia",
            "name": "dev-pip1",
            "resource_group_name": "dev-rg1",
            "reverse_fqdn": "",
            "sku": "Standard",
            "tags": {},
            "timeouts": null,
            "zones": []
          },
          "sensitive_attributes": [],
          "identity_schema_version": 0
        }
      ]
    },
    {
      "module": "module.virtual_machine",
      "mode": "data",
      "type": "azurerm_subnet",
      "name": "datasubnet",
      "provider": "provider[\"registry.terraform.io/hashicorp/azurerm\"]",
      "instances": [
        {
          "index_key": "vm1",
          "schema_version": 0,
          "attributes": {
            "address_prefix": "10.0.1.0/24",
            "address_prefixes": [
              "10.0.1.0/24"
            ],
            "default_outbound_access_enabled": true,
            "id": "/subscriptions/4a56d5b3-94c0-47a0-ab55-850ee42f58bd/resourceGroups/dev-rg1/providers/Microsoft.Network/virtualNetworks/dev-vnet/subnets/dev-subnet1",
            "name": "dev-subnet1",
            "network_security_group_id": "",
            "private_endpoint_network_policies": "Disabled",
            "private_link_service_network_policies_enabled": true,
            "resource_group_name": "dev-rg1",
            "route_table_id": "",
            "service_endpoints": [],
            "timeouts": null,
            "virtual_network_name": "dev-vnet"
          },
          "sensitive_attributes": [],
          "identity_schema_version": 0
        }
      ]
    },
    {
      "module": "module.virtual_machine",
      "mode": "managed",
      "type": "azurerm_linux_virtual_machine",
      "name": "vm",
      "provider": "provider[\"registry.terraform.io/hashicorp/azurerm\"]",
      "instances": [
        {
          "index_key": "vm1",
          "schema_version": 0,
          "attributes": {
            "additional_capabilities": [],
            "admin_password": "Test@123451234!",
            "admin_ssh_key": [],
            "admin_username": "Testuser",
            "allow_extension_operations": true,
            "availability_set_id": "",
            "boot_diagnostics": [],
            "bypass_platform_safety_checks_on_user_schedule_enabled": false,
            "capacity_reservation_group_id": "",
            "computer_name": "devvmci",
            "custom_data": null,
            "dedicated_host_group_id": "",
            "dedicated_host_id": "",
            "disable_password_authentication": false,
            "disk_controller_type": "",
            "edge_zone": "",
            "encryption_at_host_enabled": false,
            "eviction_policy": "",
            "extensions_time_budget": "PT1H30M",
            "gallery_application": [],
            "id": "/subscriptions/4a56d5b3-94c0-47a0-ab55-850ee42f58bd/resourceGroups/dev-rg1/providers/Microsoft.Compute/virtualMachines/devvmci",
            "identity": [],
            "license_type": "",
            "location": "centralindia",
            "max_bid_price": -1,
            "name": "devvmci",
            "network_interface_ids": [
              "/subscriptions/4a56d5b3-94c0-47a0-ab55-850ee42f58bd/resourceGroups/dev-rg1/providers/Microsoft.Network/networkInterfaces/dev-nic-ci"
            ],
            "os_disk": [
              {
                "caching": "ReadWrite",
                "diff_disk_settings": [],
                "disk_encryption_set_id": "",
                "disk_size_gb": 30,
                "id": "/subscriptions/4a56d5b3-94c0-47a0-ab55-850ee42f58bd/resourceGroups/dev-rg1/providers/Microsoft.Compute/disks/devvmci_disk1_76c583fecba64314bc9b462b2ff95b75",
                "name": "devvmci_disk1_76c583fecba64314bc9b462b2ff95b75",
                "secure_vm_disk_encryption_set_id": "",
                "security_encryption_type": "",
                "storage_account_type": "Standard_LRS",
                "write_accelerator_enabled": false
              }
            ],
            "os_image_notification": [],
            "patch_assessment_mode": "ImageDefault",
            "patch_mode": "ImageDefault",
            "plan": [],
            "platform_fault_domain": -1,
            "priority": "Regular",
            "private_ip_address": "10.0.1.4",
            "private_ip_addresses": [
              "10.0.1.4"
            ],
            "provision_vm_agent": true,
            "proximity_placement_group_id": "",
            "public_ip_address": "74.225.141.225",
            "public_ip_addresses": [
              "74.225.141.225"
            ],
            "reboot_setting": "",
            "resource_group_name": "dev-rg1",
            "secret": [],
            "secure_boot_enabled": false,
            "size": "Standard_B1s",
            "source_image_id": "",
            "source_image_reference": [
              {
                "offer": "0001-com-ubuntu-server-jammy",
                "publisher": "Canonical",
                "sku": "22_04-lts",
                "version": "latest"
              }
            ],
            "tags": null,
            "termination_notification": null,
            "timeouts": null,
            "user_data": "",
            "virtual_machine_id": "c4848198-52e0-4360-a0ec-b88be6a14318",
            "virtual_machine_scale_set_id": "",
            "vm_agent_platform_updates_enabled": false,
            "vtpm_enabled": false,
            "zone": ""
          },
          "sensitive_attributes": [
            [
              {
                "type": "get_attr",
                "value": "admin_password"
              }
            ],
            [
              {
                "type": "get_attr",
                "value": "custom_data"
              }
            ]
          ],
          "identity_schema_version": 0,
          "private": "eyJlMmJmYjczMC1lY2FhLTExZTYtOGY4OC0zNDM2M2JjN2M0YzAiOnsiY3JlYXRlIjoyNzAwMDAwMDAwMDAwLCJkZWxldGUiOjI3MDAwMDAwMDAwMDAsInJlYWQiOjMwMDAwMDAwMDAwMCwidXBkYXRlIjoyNzAwMDAwMDAwMDAwfX0=",
          "dependencies": [
            "module.public_ip.azurerm_public_ip.pip",
            "module.resource_group.azurerm_resource_group.rgs",
            "module.virtual_machine.azurerm_network_interface.nics",
            "module.virtual_machine.data.azurerm_public_ip.datapip",
            "module.virtual_machine.data.azurerm_subnet.datasubnet",
            "module.virtual_network.azurerm_virtual_network.vnet"
          ]
        }
      ]
    },
    {
      "module": "module.virtual_machine",
      "mode": "managed",
      "type": "azurerm_network_interface",
      "name": "nics",
      "provider": "provider[\"registry.terraform.io/hashicorp/azurerm\"]",
      "instances": [
        {
          "index_key": "vm1",
          "schema_version": 0,
          "attributes": {
            "accelerated_networking_enabled": false,
            "applied_dns_servers": [],
            "auxiliary_mode": "",
            "auxiliary_sku": "",
            "dns_servers": null,
            "edge_zone": "",
            "id": "/subscriptions/4a56d5b3-94c0-47a0-ab55-850ee42f58bd/resourceGroups/dev-rg1/providers/Microsoft.Network/networkInterfaces/dev-nic-ci",
            "internal_dns_name_label": "",
            "internal_domain_name_suffix": "5lt1hftdai2u1nm2gcajmlhyyh.rx.internal.cloudapp.net",
            "ip_configuration": [
              {
                "gateway_load_balancer_frontend_ip_configuration_id": "",
                "name": "internal",
                "primary": true,
                "private_ip_address": "10.0.1.4",
                "private_ip_address_allocation": "Dynamic",
                "private_ip_address_version": "IPv4",
                "public_ip_address_id": "/subscriptions/4a56d5b3-94c0-47a0-ab55-850ee42f58bd/resourceGroups/dev-rg1/providers/Microsoft.Network/publicIPAddresses/dev-pip1",
                "subnet_id": "/subscriptions/4a56d5b3-94c0-47a0-ab55-850ee42f58bd/resourceGroups/dev-rg1/providers/Microsoft.Network/virtualNetworks/dev-vnet/subnets/dev-subnet1"
              }
            ],
            "ip_forwarding_enabled": false,
            "location": "centralindia",
            "mac_address": "",
            "name": "dev-nic-ci",
            "private_ip_address": "10.0.1.4",
            "private_ip_addresses": [
              "10.0.1.4"
            ],
            "resource_group_name": "dev-rg1",
            "tags": null,
            "timeouts": null,
            "virtual_machine_id": ""
          },
          "sensitive_attributes": [],
          "identity_schema_version": 0,
          "identity": {
            "name": "dev-nic-ci",
            "resource_group_name": "dev-rg1",
            "subscription_id": "4a56d5b3-94c0-47a0-ab55-850ee42f58bd"
          },
          "private": "eyJlMmJmYjczMC1lY2FhLTExZTYtOGY4OC0zNDM2M2JjN2M0YzAiOnsiY3JlYXRlIjoxODAwMDAwMDAwMDAwLCJkZWxldGUiOjE4MDAwMDAwMDAwMDAsInJlYWQiOjMwMDAwMDAwMDAwMCwidXBkYXRlIjoxODAwMDAwMDAwMDAwfX0=",
          "dependencies": [
            "module.public_ip.azurerm_public_ip.pip",
            "module.resource_group.azurerm_resource_group.rgs",
            "module.virtual_machine.data.azurerm_public_ip.datapip",
            "module.virtual_machine.data.azurerm_subnet.datasubnet",
            "module.virtual_network.azurerm_virtual_network.vnet"
          ]
        }
      ]
    },
    {
      "module": "module.virtual_network",
      "mode": "managed",
      "type": "azurerm_virtual_network",
      "name": "vnet",
      "provider": "provider[\"registry.terraform.io/hashicorp/azurerm\"]",
      "instances": [
        {
          "index_key": "vnet1",
          "schema_version": 0,
          "attributes": {
            "address_space": [
              "10.0.0.0/16"
            ],
            "bgp_community": "",
            "ddos_protection_plan": [],
            "dns_servers": [],
            "edge_zone": "",
            "encryption": [],
            "flow_timeout_in_minutes": 0,
            "guid": "96b3e7fa-0263-4d39-b59c-3080962cf8c7",
            "id": "/subscriptions/4a56d5b3-94c0-47a0-ab55-850ee42f58bd/resourceGroups/dev-rg1/providers/Microsoft.Network/virtualNetworks/dev-vnet",
            "ip_address_pool": [],
            "location": "centralindia",
            "name": "dev-vnet",
            "private_endpoint_vnet_policies": "Disabled",
            "resource_group_name": "dev-rg1",
            "subnet": [
              {
                "address_prefixes": [
                  "10.0.1.0/24"
                ],
                "default_outbound_access_enabled": true,
                "delegation": [],
                "id": "/subscriptions/4a56d5b3-94c0-47a0-ab55-850ee42f58bd/resourceGroups/dev-rg1/providers/Microsoft.Network/virtualNetworks/dev-vnet/subnets/dev-subnet1",
                "name": "dev-subnet1",
                "private_endpoint_network_policies": "Disabled",
                "private_link_service_network_policies_enabled": true,
                "route_table_id": "",
                "security_group": "",
                "service_endpoint_policy_ids": [],
                "service_endpoints": []
              },
              {
                "address_prefixes": [
                  "10.0.2.0/24"
                ],
                "default_outbound_access_enabled": true,
                "delegation": [],
                "id": "/subscriptions/4a56d5b3-94c0-47a0-ab55-850ee42f58bd/resourceGroups/dev-rg1/providers/Microsoft.Network/virtualNetworks/dev-vnet/subnets/dev-subnet2",
                "name": "dev-subnet2",
                "private_endpoint_network_policies": "Disabled",
                "private_link_service_network_policies_enabled": true,
                "route_table_id": "",
                "security_group": "",
                "service_endpoint_policy_ids": [],
                "service_endpoints": []
              }
            ],
            "tags": null,
            "timeouts": null
          },
          "sensitive_attributes": [],
          "identity_schema_version": 0,
          "identity": {
            "name": "dev-vnet",
            "resource_group_name": "dev-rg1",
            "subscription_id": "4a56d5b3-94c0-47a0-ab55-850ee42f58bd"
          },
          "private": "eyJlMmJmYjczMC1lY2FhLTExZTYtOGY4OC0zNDM2M2JjN2M0YzAiOnsiY3JlYXRlIjoxODAwMDAwMDAwMDAwLCJkZWxldGUiOjE4MDAwMDAwMDAwMDAsInJlYWQiOjMwMDAwMDAwMDAwMCwidXBkYXRlIjoxODAwMDAwMDAwMDAwfX0=",
          "dependencies": [
            "module.resource_group.azurerm_resource_group.rgs"
          ]
        }
      ]
    }
  ],
  "check_results": null
}
